// !$*UTF8*$!
{
	archiveVersion = 1;
	classes = {
	};
	objectVersion = 51;
	objects = {

/* Begin PBXBuildFile section */
		947E47E925504897000A292D /* DdayTableViewCotrollerViewController.swift in Sources */ = {isa = PBXBuildFile; fileRef = 947E47E825504897000A292D /* DdayTableViewCotrollerViewController.swift */; };
		947E47EE25504D69000A292D /* JHCustomTabBar.swift in Sources */ = {isa = PBXBuildFile; fileRef = 947E47ED25504D69000A292D /* JHCustomTabBar.swift */; };
		947E47F7255051AB000A292D /* CustomCollectionViewCell.swift in Sources */ = {isa = PBXBuildFile; fileRef = 947E47F5255051AB000A292D /* CustomCollectionViewCell.swift */; };
		947E47F8255051AB000A292D /* CustomCollectionViewCell.xib in Resources */ = {isa = PBXBuildFile; fileRef = 947E47F6255051AB000A292D /* CustomCollectionViewCell.xib */; };
		947E47FC25505329000A292D /* NSObject+reusableIdentifier.swift in Sources */ = {isa = PBXBuildFile; fileRef = 947E47FB25505329000A292D /* NSObject+reusableIdentifier.swift */; };
		949E30242522343D008C1015 /* Product.swift in Sources */ = {isa = PBXBuildFile; fileRef = 949E30232522343D008C1015 /* Product.swift */; };
		94DDF583248FD29C007A5035 /* AppDelegate.swift in Sources */ = {isa = PBXBuildFile; fileRef = 94DDF582248FD29C007A5035 /* AppDelegate.swift */; };
		94DDF58A248FD29C007A5035 /* DdayTableViewController.storyboard in Resources */ = {isa = PBXBuildFile; fileRef = 94DDF588248FD29C007A5035 /* DdayTableViewController.storyboard */; };
		94DDF58C248FD29F007A5035 /* Assets.xcassets in Resources */ = {isa = PBXBuildFile; fileRef = 94DDF58B248FD29F007A5035 /* Assets.xcassets */; };
		94DDF58F248FD29F007A5035 /* LaunchScreen.storyboard in Resources */ = {isa = PBXBuildFile; fileRef = 94DDF58D248FD29F007A5035 /* LaunchScreen.storyboard */; };
		94DDF599248FD2EF007A5035 /* AfterLaunchScreen.storyboard in Resources */ = {isa = PBXBuildFile; fileRef = 94DDF598248FD2EF007A5035 /* AfterLaunchScreen.storyboard */; };
		94DDF5A0248FD760007A5035 /* JHLog.swift in Sources */ = {isa = PBXBuildFile; fileRef = 94DDF59F248FD760007A5035 /* JHLog.swift */; };
		94DDF5A2248FD7A2007A5035 /* JHReqeust.swift in Sources */ = {isa = PBXBuildFile; fileRef = 94DDF5A1248FD7A2007A5035 /* JHReqeust.swift */; };
		94DDF5A5248FD7D3007A5035 /* DataRequest+Logging.swift in Sources */ = {isa = PBXBuildFile; fileRef = 94DDF5A4248FD7D3007A5035 /* DataRequest+Logging.swift */; };
		ACAEC4A2EDA346F76FB2EC62 /* Pods_dday.framework in Frameworks */ = {isa = PBXBuildFile; fileRef = F9F1993973FD3EC074DF4401 /* Pods_dday.framework */; };
/* End PBXBuildFile section */

/* Begin PBXFileReference section */
		0B75A03C3B0F71DEF50A3925 /* Pods-dday.debug.xcconfig */ = {isa = PBXFileReference; includeInIndex = 1; lastKnownFileType = text.xcconfig; name = "Pods-dday.debug.xcconfig"; path = "Target Support Files/Pods-dday/Pods-dday.debug.xcconfig"; sourceTree = "<group>"; };
		947E47E825504897000A292D /* DdayTableViewCotrollerViewController.swift */ = {isa = PBXFileReference; lastKnownFileType = sourcecode.swift; path = DdayTableViewCotrollerViewController.swift; sourceTree = "<group>"; };
		947E47ED25504D69000A292D /* JHCustomTabBar.swift */ = {isa = PBXFileReference; lastKnownFileType = sourcecode.swift; path = JHCustomTabBar.swift; sourceTree = "<group>"; };
		947E47F5255051AB000A292D /* CustomCollectionViewCell.swift */ = {isa = PBXFileReference; lastKnownFileType = sourcecode.swift; path = CustomCollectionViewCell.swift; sourceTree = "<group>"; };
		947E47F6255051AB000A292D /* CustomCollectionViewCell.xib */ = {isa = PBXFileReference; lastKnownFileType = file.xib; path = CustomCollectionViewCell.xib; sourceTree = "<group>"; };
		947E47FB25505329000A292D /* NSObject+reusableIdentifier.swift */ = {isa = PBXFileReference; lastKnownFileType = sourcecode.swift; path = "NSObject+reusableIdentifier.swift"; sourceTree = "<group>"; };
		949E30232522343D008C1015 /* Product.swift */ = {isa = PBXFileReference; lastKnownFileType = sourcecode.swift; path = Product.swift; sourceTree = "<group>"; };
		94DDF57F248FD29C007A5035 /* dday.app */ = {isa = PBXFileReference; explicitFileType = wrapper.application; includeInIndex = 0; path = dday.app; sourceTree = BUILT_PRODUCTS_DIR; };
		94DDF582248FD29C007A5035 /* AppDelegate.swift */ = {isa = PBXFileReference; lastKnownFileType = sourcecode.swift; path = AppDelegate.swift; sourceTree = "<group>"; };
		94DDF589248FD29C007A5035 /* Base */ = {isa = PBXFileReference; lastKnownFileType = file.storyboard; name = Base; path = Base.lproj/DdayTableViewController.storyboard; sourceTree = "<group>"; };
		94DDF58B248FD29F007A5035 /* Assets.xcassets */ = {isa = PBXFileReference; lastKnownFileType = folder.assetcatalog; path = Assets.xcassets; sourceTree = "<group>"; };
		94DDF58E248FD29F007A5035 /* Base */ = {isa = PBXFileReference; lastKnownFileType = file.storyboard; name = Base; path = Base.lproj/LaunchScreen.storyboard; sourceTree = "<group>"; };
		94DDF590248FD29F007A5035 /* Info.plist */ = {isa = PBXFileReference; lastKnownFileType = text.plist.xml; path = Info.plist; sourceTree = "<group>"; };
		94DDF598248FD2EF007A5035 /* AfterLaunchScreen.storyboard */ = {isa = PBXFileReference; lastKnownFileType = file.storyboard; path = AfterLaunchScreen.storyboard; sourceTree = "<group>"; };
		94DDF59F248FD760007A5035 /* JHLog.swift */ = {isa = PBXFileReference; lastKnownFileType = sourcecode.swift; path = JHLog.swift; sourceTree = "<group>"; };
		94DDF5A1248FD7A2007A5035 /* JHReqeust.swift */ = {isa = PBXFileReference; lastKnownFileType = sourcecode.swift; path = JHReqeust.swift; sourceTree = "<group>"; };
		94DDF5A4248FD7D3007A5035 /* DataRequest+Logging.swift */ = {isa = PBXFileReference; lastKnownFileType = sourcecode.swift; path = "DataRequest+Logging.swift"; sourceTree = "<group>"; };
		F9F1993973FD3EC074DF4401 /* Pods_dday.framework */ = {isa = PBXFileReference; explicitFileType = wrapper.framework; includeInIndex = 0; path = Pods_dday.framework; sourceTree = BUILT_PRODUCTS_DIR; };
		FEF3954257B19CDC74E01C67 /* Pods-dday.release.xcconfig */ = {isa = PBXFileReference; includeInIndex = 1; lastKnownFileType = text.xcconfig; name = "Pods-dday.release.xcconfig"; path = "Target Support Files/Pods-dday/Pods-dday.release.xcconfig"; sourceTree = "<group>"; };
/* End PBXFileReference section */

/* Begin PBXFrameworksBuildPhase section */
		94DDF57C248FD29C007A5035 /* Frameworks */ = {
			isa = PBXFrameworksBuildPhase;
			buildActionMask = 2147483647;
			files = (
				ACAEC4A2EDA346F76FB2EC62 /* Pods_dday.framework in Frameworks */,
			);
			runOnlyForDeploymentPostprocessing = 0;
		};
/* End PBXFrameworksBuildPhase section */

/* Begin PBXGroup section */
		9475C00A2535EA9F001466C8 /* Test */ = {
			isa = PBXGroup;
			children = (
			);
			path = Test;
			sourceTree = "<group>";
		};
		947E47FA25505309000A292D /* Extension */ = {
			isa = PBXGroup;
			children = (
				947E47FB25505329000A292D /* NSObject+reusableIdentifier.swift */,
			);
			path = Extension;
			sourceTree = "<group>";
		};
		947E48002551AD86000A292D /* CustomTabBar */ = {
			isa = PBXGroup;
			children = (
				947E47ED25504D69000A292D /* JHCustomTabBar.swift */,
				947E47F5255051AB000A292D /* CustomCollectionViewCell.swift */,
				947E47F6255051AB000A292D /* CustomCollectionViewCell.xib */,
			);
			path = CustomTabBar;
			sourceTree = "<group>";
		};
		949E30222522342A008C1015 /* Model */ = {
			isa = PBXGroup;
			children = (
				949E30232522343D008C1015 /* Product.swift */,
			);
			path = Model;
			sourceTree = "<group>";
		};
		94DDF576248FD29C007A5035 = {
			isa = PBXGroup;
			children = (
				94DDF581248FD29C007A5035 /* dday */,
				94DDF580248FD29C007A5035 /* Products */,
				AFD12551FE9BEC3E05488CA5 /* Pods */,
				B15ACDCE521BE8965B056D91 /* Frameworks */,
			);
			sourceTree = "<group>";
		};
		94DDF580248FD29C007A5035 /* Products */ = {
			isa = PBXGroup;
			children = (
				94DDF57F248FD29C007A5035 /* dday.app */,
			);
			name = Products;
			sourceTree = "<group>";
		};
		94DDF581248FD29C007A5035 /* dday */ = {
			isa = PBXGroup;
			children = (
				947E47FA25505309000A292D /* Extension */,
				94DDF59B248FD727007A5035 /* Utils */,
				9475C00A2535EA9F001466C8 /* Test */,
				949E30222522342A008C1015 /* Model */,
				94DDF596248FD2D0007A5035 /* View */,
				94DDF582248FD29C007A5035 /* AppDelegate.swift */,
				94DDF59A248FD34E007A5035 /* SupportingFiles */,
			);
			path = dday;
			sourceTree = "<group>";
		};
		94DDF596248FD2D0007A5035 /* View */ = {
			isa = PBXGroup;
			children = (
				947E48002551AD86000A292D /* CustomTabBar */,
				94DDF588248FD29C007A5035 /* DdayTableViewController.storyboard */,
				947E47E825504897000A292D /* DdayTableViewCotrollerViewController.swift */,
				94DDF597248FD2DA007A5035 /* LaunchScreen */,
			);
			path = View;
			sourceTree = "<group>";
		};
		94DDF597248FD2DA007A5035 /* LaunchScreen */ = {
			isa = PBXGroup;
			children = (
				94DDF58D248FD29F007A5035 /* LaunchScreen.storyboard */,
				94DDF598248FD2EF007A5035 /* AfterLaunchScreen.storyboard */,
			);
			path = LaunchScreen;
			sourceTree = "<group>";
		};
		94DDF59A248FD34E007A5035 /* SupportingFiles */ = {
			isa = PBXGroup;
			children = (
				94DDF590248FD29F007A5035 /* Info.plist */,
				94DDF58B248FD29F007A5035 /* Assets.xcassets */,
			);
			path = SupportingFiles;
			sourceTree = "<group>";
		};
		94DDF59B248FD727007A5035 /* Utils */ = {
			isa = PBXGroup;
			children = (
				94DDF59E248FD74D007A5035 /* Log */,
				94DDF59D248FD737007A5035 /* Network */,
				94DDF59C248FD733007A5035 /* Image */,
			);
			path = Utils;
			sourceTree = "<group>";
		};
		94DDF59C248FD733007A5035 /* Image */ = {
			isa = PBXGroup;
			children = (
			);
			path = Image;
			sourceTree = "<group>";
		};
		94DDF59D248FD737007A5035 /* Network */ = {
			isa = PBXGroup;
			children = (
				94DDF5A1248FD7A2007A5035 /* JHReqeust.swift */,
				94DDF5A4248FD7D3007A5035 /* DataRequest+Logging.swift */,
			);
			path = Network;
			sourceTree = "<group>";
		};
		94DDF59E248FD74D007A5035 /* Log */ = {
			isa = PBXGroup;
			children = (
				94DDF59F248FD760007A5035 /* JHLog.swift */,
			);
			path = Log;
			sourceTree = "<group>";
		};
		AFD12551FE9BEC3E05488CA5 /* Pods */ = {
			isa = PBXGroup;
			children = (
				0B75A03C3B0F71DEF50A3925 /* Pods-dday.debug.xcconfig */,
				FEF3954257B19CDC74E01C67 /* Pods-dday.release.xcconfig */,
			);
			path = Pods;
			sourceTree = "<group>";
		};
		B15ACDCE521BE8965B056D91 /* Frameworks */ = {
			isa = PBXGroup;
			children = (
				F9F1993973FD3EC074DF4401 /* Pods_dday.framework */,
			);
			name = Frameworks;
			sourceTree = "<group>";
		};
/* End PBXGroup section */

/* Begin PBXNativeTarget section */
		94DDF57E248FD29C007A5035 /* dday */ = {
			isa = PBXNativeTarget;
			buildConfigurationList = 94DDF593248FD29F007A5035 /* Build configuration list for PBXNativeTarget "dday" */;
			buildPhases = (
				669123799ED35F6F59F5F14C /* [CP] Check Pods Manifest.lock */,
				94DDF57B248FD29C007A5035 /* Sources */,
				94DDF57C248FD29C007A5035 /* Frameworks */,
				94DDF57D248FD29C007A5035 /* Resources */,
				B126B3A6EF9A20AB4F395D53 /* [CP] Embed Pods Frameworks */,
			);
			buildRules = (
			);
			dependencies = (
			);
			name = dday;
			productName = dday;
			productReference = 94DDF57F248FD29C007A5035 /* dday.app */;
			productType = "com.apple.product-type.application";
		};
/* End PBXNativeTarget section */

/* Begin PBXProject section */
		94DDF577248FD29C007A5035 /* Project object */ = {
			isa = PBXProject;
			attributes = {
				LastSwiftUpdateCheck = 1150;
				LastUpgradeCheck = 1150;
				ORGANIZATIONNAME = jinhyuk;
				TargetAttributes = {
					94DDF57E248FD29C007A5035 = {
						CreatedOnToolsVersion = 11.5;
					};
				};
			};
			buildConfigurationList = 94DDF57A248FD29C007A5035 /* Build configuration list for PBXProject "dday" */;
			compatibilityVersion = "Xcode 9.3";
			developmentRegion = en;
			hasScannedForEncodings = 0;
			knownRegions = (
				en,
				Base,
			);
			mainGroup = 94DDF576248FD29C007A5035;
			productRefGroup = 94DDF580248FD29C007A5035 /* Products */;
			projectDirPath = "";
			projectRoot = "";
			targets = (
				94DDF57E248FD29C007A5035 /* dday */,
			);
		};
/* End PBXProject section */

/* Begin PBXResourcesBuildPhase section */
		94DDF57D248FD29C007A5035 /* Resources */ = {
			isa = PBXResourcesBuildPhase;
			buildActionMask = 2147483647;
			files = (
				94DDF599248FD2EF007A5035 /* AfterLaunchScreen.storyboard in Resources */,
				94DDF58F248FD29F007A5035 /* LaunchScreen.storyboard in Resources */,
				94DDF58C248FD29F007A5035 /* Assets.xcassets in Resources */,
				947E47F8255051AB000A292D /* CustomCollectionViewCell.xib in Resources */,
				94DDF58A248FD29C007A5035 /* DdayTableViewController.storyboard in Resources */,
			);
			runOnlyForDeploymentPostprocessing = 0;
		};
/* End PBXResourcesBuildPhase section */

/* Begin PBXShellScriptBuildPhase section */
		669123799ED35F6F59F5F14C /* [CP] Check Pods Manifest.lock */ = {
			isa = PBXShellScriptBuildPhase;
			buildActionMask = 2147483647;
			files = (
			);
			inputFileListPaths = (
			);
			inputPaths = (
				"${PODS_PODFILE_DIR_PATH}/Podfile.lock",
				"${PODS_ROOT}/Manifest.lock",
			);
			name = "[CP] Check Pods Manifest.lock";
			outputFileListPaths = (
			);
			outputPaths = (
				"$(DERIVED_FILE_DIR)/Pods-dday-checkManifestLockResult.txt",
			);
			runOnlyForDeploymentPostprocessing = 0;
			shellPath = /bin/sh;
			shellScript = "diff \"${PODS_PODFILE_DIR_PATH}/Podfile.lock\" \"${PODS_ROOT}/Manifest.lock\" > /dev/null\nif [ $? != 0 ] ; then\n    # print error to STDERR\n    echo \"error: The sandbox is not in sync with the Podfile.lock. Run 'pod install' or update your CocoaPods installation.\" >&2\n    exit 1\nfi\n# This output is used by Xcode 'outputs' to avoid re-running this script phase.\necho \"SUCCESS\" > \"${SCRIPT_OUTPUT_FILE_0}\"\n";
			showEnvVarsInLog = 0;
		};
		B126B3A6EF9A20AB4F395D53 /* [CP] Embed Pods Frameworks */ = {
			isa = PBXShellScriptBuildPhase;
			buildActionMask = 2147483647;
			files = (
			);
			inputFileListPaths = (
				"${PODS_ROOT}/Target Support Files/Pods-dday/Pods-dday-frameworks-${CONFIGURATION}-input-files.xcfilelist",
			);
			name = "[CP] Embed Pods Frameworks";
			outputFileListPaths = (
				"${PODS_ROOT}/Target Support Files/Pods-dday/Pods-dday-frameworks-${CONFIGURATION}-output-files.xcfilelist",
			);
			runOnlyForDeploymentPostprocessing = 0;
			shellPath = /bin/sh;
			shellScript = "\"${PODS_ROOT}/Target Support Files/Pods-dday/Pods-dday-frameworks.sh\"\n";
			showEnvVarsInLog = 0;
		};
/* End PBXShellScriptBuildPhase section */

/* Begin PBXSourcesBuildPhase section */
		94DDF57B248FD29C007A5035 /* Sources */ = {
			isa = PBXSourcesBuildPhase;
			buildActionMask = 2147483647;
			files = (
				94DDF5A2248FD7A2007A5035 /* JHReqeust.swift in Sources */,
				94DDF583248FD29C007A5035 /* AppDelegate.swift in Sources */,
				947E47EE25504D69000A292D /* JHCustomTabBar.swift in Sources */,
				947E47F7255051AB000A292D /* CustomCollectionViewCell.swift in Sources */,
				947E47FC25505329000A292D /* NSObject+reusableIdentifier.swift in Sources */,
				94DDF5A5248FD7D3007A5035 /* DataRequest+Logging.swift in Sources */,
				94DDF5A0248FD760007A5035 /* JHLog.swift in Sources */,
				949E30242522343D008C1015 /* Product.swift in Sources */,
				947E47E925504897000A292D /* DdayTableViewCotrollerViewController.swift in Sources */,
			);
			runOnlyForDeploymentPostprocessing = 0;
		};
/* End PBXSourcesBuildPhase section */

/* Begin PBXVariantGroup section */
		94DDF588248FD29C007A5035 /* DdayTableViewController.storyboard */ = {
			isa = PBXVariantGroup;
			children = (
				94DDF589248FD29C007A5035 /* Base */,
			);
			name = DdayTableViewController.storyboard;
			sourceTree = "<group>";
		};
		94DDF58D248FD29F007A5035 /* LaunchScreen.storyboard */ = {
			isa = PBXVariantGroup;
			children = (
				94DDF58E248FD29F007A5035 /* Base */,
			);
			name = LaunchScreen.storyboard;
			sourceTree = "<group>";
		};
/* End PBXVariantGroup section */

/* Begin XCBuildConfiguration section */
		94DDF591248FD29F007A5035 /* Debug */ = {
			isa = XCBuildConfiguration;
			buildSettings = {
				ALWAYS_SEARCH_USER_PATHS = NO;
				CLANG_ANALYZER_NONNULL = YES;
				CLANG_ANALYZER_NUMBER_OBJECT_CONVERSION = YES_AGGRESSIVE;
				CLANG_CXX_LANGUAGE_STANDARD = "gnu++14";
				CLANG_CXX_LIBRARY = "libc++";
				CLANG_ENABLE_MODULES = YES;
				CLANG_ENABLE_OBJC_ARC = YES;
				CLANG_ENABLE_OBJC_WEAK = YES;
				CLANG_WARN_BLOCK_CAPTURE_AUTORELEASING = YES;
				CLANG_WARN_BOOL_CONVERSION = YES;
				CLANG_WARN_COMMA = YES;
				CLANG_WARN_CONSTANT_CONVERSION = YES;
				CLANG_WARN_DEPRECATED_OBJC_IMPLEMENTATIONS = YES;
				CLANG_WARN_DIRECT_OBJC_ISA_USAGE = YES_ERROR;
				CLANG_WARN_DOCUMENTATION_COMMENTS = YES;
				CLANG_WARN_EMPTY_BODY = YES;
				CLANG_WARN_ENUM_CONVERSION = YES;
				CLANG_WARN_INFINITE_RECURSION = YES;
				CLANG_WARN_INT_CONVERSION = YES;
				CLANG_WARN_NON_LITERAL_NULL_CONVERSION = YES;
				CLANG_WARN_OBJC_IMPLICIT_RETAIN_SELF = YES;
				CLANG_WARN_OBJC_LITERAL_CONVERSION = YES;
				CLANG_WARN_OBJC_ROOT_CLASS = YES_ERROR;
				CLANG_WARN_RANGE_LOOP_ANALYSIS = YES;
				CLANG_WARN_STRICT_PROTOTYPES = YES;
				CLANG_WARN_SUSPICIOUS_MOVE = YES;
				CLANG_WARN_UNGUARDED_AVAILABILITY = YES_AGGRESSIVE;
				CLANG_WARN_UNREACHABLE_CODE = YES;
				CLANG_WARN__DUPLICATE_METHOD_MATCH = YES;
				COPY_PHASE_STRIP = NO;
				DEBUG_INFORMATION_FORMAT = dwarf;
				ENABLE_STRICT_OBJC_MSGSEND = YES;
				ENABLE_TESTABILITY = YES;
				GCC_C_LANGUAGE_STANDARD = gnu11;
				GCC_DYNAMIC_NO_PIC = NO;
				GCC_NO_COMMON_BLOCKS = YES;
				GCC_OPTIMIZATION_LEVEL = 0;
				GCC_PREPROCESSOR_DEFINITIONS = (
					"DEBUG=1",
					"$(inherited)",
				);
				GCC_WARN_64_TO_32_BIT_CONVERSION = YES;
				GCC_WARN_ABOUT_RETURN_TYPE = YES_ERROR;
				GCC_WARN_UNDECLARED_SELECTOR = YES;
				GCC_WARN_UNINITIALIZED_AUTOS = YES_AGGRESSIVE;
				GCC_WARN_UNUSED_FUNCTION = YES;
				GCC_WARN_UNUSED_VARIABLE = YES;
				IPHONEOS_DEPLOYMENT_TARGET = 13.5;
				MTL_ENABLE_DEBUG_INFO = INCLUDE_SOURCE;
				MTL_FAST_MATH = YES;
				ONLY_ACTIVE_ARCH = YES;
				SDKROOT = iphoneos;
				SWIFT_ACTIVE_COMPILATION_CONDITIONS = DEBUG;
				SWIFT_OPTIMIZATION_LEVEL = "-Onone";
			};
			name = Debug;
		};
		94DDF592248FD29F007A5035 /* Release */ = {
			isa = XCBuildConfiguration;
			buildSettings = {
				ALWAYS_SEARCH_USER_PATHS = NO;
				CLANG_ANALYZER_NONNULL = YES;
				CLANG_ANALYZER_NUMBER_OBJECT_CONVERSION = YES_AGGRESSIVE;
				CLANG_CXX_LANGUAGE_STANDARD = "gnu++14";
				CLANG_CXX_LIBRARY = "libc++";
				CLANG_ENABLE_MODULES = YES;
				CLANG_ENABLE_OBJC_ARC = YES;
				CLANG_ENABLE_OBJC_WEAK = YES;
				CLANG_WARN_BLOCK_CAPTURE_AUTORELEASING = YES;
				CLANG_WARN_BOOL_CONVERSION = YES;
				CLANG_WARN_COMMA = YES;
				CLANG_WARN_CONSTANT_CONVERSION = YES;
				CLANG_WARN_DEPRECATED_OBJC_IMPLEMENTATIONS = YES;
				CLANG_WARN_DIRECT_OBJC_ISA_USAGE = YES_ERROR;
				CLANG_WARN_DOCUMENTATION_COMMENTS = YES;
				CLANG_WARN_EMPTY_BODY = YES;
				CLANG_WARN_ENUM_CONVERSION = YES;
				CLANG_WARN_INFINITE_RECURSION = YES;
				CLANG_WARN_INT_CONVERSION = YES;
				CLANG_WARN_NON_LITERAL_NULL_CONVERSION = YES;
				CLANG_WARN_OBJC_IMPLICIT_RETAIN_SELF = YES;
				CLANG_WARN_OBJC_LITERAL_CONVERSION = YES;
				CLANG_WARN_OBJC_ROOT_CLASS = YES_ERROR;
				CLANG_WARN_RANGE_LOOP_ANALYSIS = YES;
				CLANG_WARN_STRICT_PROTOTYPES = YES;
				CLANG_WARN_SUSPICIOUS_MOVE = YES;
				CLANG_WARN_UNGUARDED_AVAILABILITY = YES_AGGRESSIVE;
				CLANG_WARN_UNREACHABLE_CODE = YES;
				CLANG_WARN__DUPLICATE_METHOD_MATCH = YES;
				COPY_PHASE_STRIP = NO;
				DEBUG_INFORMATION_FORMAT = "dwarf-with-dsym";
				ENABLE_NS_ASSERTIONS = NO;
				ENABLE_STRICT_OBJC_MSGSEND = YES;
				GCC_C_LANGUAGE_STANDARD = gnu11;
				GCC_NO_COMMON_BLOCKS = YES;
				GCC_WARN_64_TO_32_BIT_CONVERSION = YES;
				GCC_WARN_ABOUT_RETURN_TYPE = YES_ERROR;
				GCC_WARN_UNDECLARED_SELECTOR = YES;
				GCC_WARN_UNINITIALIZED_AUTOS = YES_AGGRESSIVE;
				GCC_WARN_UNUSED_FUNCTION = YES;
				GCC_WARN_UNUSED_VARIABLE = YES;
				IPHONEOS_DEPLOYMENT_TARGET = 13.5;
				MTL_ENABLE_DEBUG_INFO = NO;
				MTL_FAST_MATH = YES;
				SDKROOT = iphoneos;
				SWIFT_COMPILATION_MODE = wholemodule;
				SWIFT_OPTIMIZATION_LEVEL = "-O";
				VALIDATE_PRODUCT = YES;
			};
			name = Release;
		};
		94DDF594248FD29F007A5035 /* Debug */ = {
			isa = XCBuildConfiguration;
			baseConfigurationReference = 0B75A03C3B0F71DEF50A3925 /* Pods-dday.debug.xcconfig */;
			buildSettings = {
				ASSETCATALOG_COMPILER_APPICON_NAME = AppIcon;
				CODE_SIGN_STYLE = Automatic;
				CURRENT_PROJECT_VERSION = 1;
				DEVELOPMENT_TEAM = RTPYYR7K8H;
				INFOPLIST_FILE = /Users/jinhyuk/Desktop/Project_Dday/dday/dday/SupportingFiles/Info.plist;
				IPHONEOS_DEPLOYMENT_TARGET = 13.0;
				LD_RUNPATH_SEARCH_PATHS = (
					"$(inherited)",
					"@executable_path/Frameworks",
				);
				MARKETING_VERSION = 1.0;
				PRODUCT_BUNDLE_IDENTIFIER = jang.jinhyuk.dday;
				PRODUCT_NAME = "$(TARGET_NAME)";
				SWIFT_VERSION = 5.0;
				TARGETED_DEVICE_FAMILY = "1,2";
			};
			name = Debug;
		};
		94DDF595248FD29F007A5035 /* Release */ = {
			isa = XCBuildConfiguration;
			baseConfigurationReference = FEF3954257B19CDC74E01C67 /* Pods-dday.release.xcconfig */;
			buildSettings = {
				ASSETCATALOG_COMPILER_APPICON_NAME = AppIcon;
				CODE_SIGN_STYLE = Automatic;
				CURRENT_PROJECT_VERSION = 1;
				DEVELOPMENT_TEAM = RTPYYR7K8H;
				INFOPLIST_FILE = /Users/jinhyuk/Desktop/Project_Dday/dday/dday/SupportingFiles/Info.plist;
				IPHONEOS_DEPLOYMENT_TARGET = 13.0;
				LD_RUNPATH_SEARCH_PATHS = (
					"$(inherited)",
					"@executable_path/Frameworks",
				);
				MARKETING_VERSION = 1.0;
				PRODUCT_BUNDLE_IDENTIFIER = jang.jinhyuk.dday;
				PRODUCT_NAME = "$(TARGET_NAME)";
				SWIFT_VERSION = 5.0;
				TARGETED_DEVICE_FAMILY = "1,2";
			};
			name = Release;
		};
/* End XCBuildConfiguration section */

/* Begin XCConfigurationList section */
		94DDF57A248FD29C007A5035 /* Build configuration list for PBXProject "dday" */ = {
			isa = XCConfigurationList;
			buildConfigurations = (
				94DDF591248FD29F007A5035 /* Debug */,
				94DDF592248FD29F007A5035 /* Release */,
			);
			defaultConfigurationIsVisible = 0;
			defaultConfigurationName = Release;
		};
		94DDF593248FD29F007A5035 /* Build configuration list for PBXNativeTarget "dday" */ = {
			isa = XCConfigurationList;
			buildConfigurations = (
				94DDF594248FD29F007A5035 /* Debug */,
				94DDF595248FD29F007A5035 /* Release */,
			);
			defaultConfigurationIsVisible = 0;
			defaultConfigurationName = Release;
		};
/* End XCConfigurationList section */
	};
	rootObject = 94DDF577248FD29C007A5035 /* Project object */;
}
